// !$*UTF8*$!
{
	archiveVersion = 1;
	classes = {
	};
	objectVersion = 50;
	objects = {

/* Begin PBXBuildFile section */
		399B9D34242CEC0800EF2C8B /* AppDelegate.swift in Sources */ = {isa = PBXBuildFile; fileRef = 399B9D33242CEC0800EF2C8B /* AppDelegate.swift */; };
		399B9D36242CEC0800EF2C8B /* SceneDelegate.swift in Sources */ = {isa = PBXBuildFile; fileRef = 399B9D35242CEC0800EF2C8B /* SceneDelegate.swift */; };
		399B9D38242CEC0800EF2C8B /* ViewController.swift in Sources */ = {isa = PBXBuildFile; fileRef = 399B9D37242CEC0800EF2C8B /* ViewController.swift */; };
		399B9D3B242CEC0800EF2C8B /* Main.storyboard in Resources */ = {isa = PBXBuildFile; fileRef = 399B9D39242CEC0800EF2C8B /* Main.storyboard */; };
		399B9D3D242CEC0B00EF2C8B /* Assets.xcassets in Resources */ = {isa = PBXBuildFile; fileRef = 399B9D3C242CEC0B00EF2C8B /* Assets.xcassets */; };
		399B9D40242CEC0B00EF2C8B /* LaunchScreen.storyboard in Resources */ = {isa = PBXBuildFile; fileRef = 399B9D3E242CEC0B00EF2C8B /* LaunchScreen.storyboard */; };
/* End PBXBuildFile section */

/* Begin PBXFileReference section */
		399B9D30242CEC0800EF2C8B /* FlagGame.app */ = {isa = PBXFileReference; explicitFileType = wrapper.application; includeInIndex = 0; path = FlagGame.app; sourceTree = BUILT_PRODUCTS_DIR; };
		399B9D33242CEC0800EF2C8B /* AppDelegate.swift */ = {isa = PBXFileReference; lastKnownFileType = sourcecode.swift; path = AppDelegate.swift; sourceTree = "<group>"; };
		399B9D35242CEC0800EF2C8B /* SceneDelegate.swift */ = {isa = PBXFileReference; lastKnownFileType = sourcecode.swift; path = SceneDelegate.swift; sourceTree = "<group>"; };
		399B9D37242CEC0800EF2C8B /* ViewController.swift */ = {isa = PBXFileReference; lastKnownFileType = sourcecode.swift; path = ViewController.swift; sourceTree = "<group>"; };
		399B9D3A242CEC0800EF2C8B /* Base */ = {isa = PBXFileReference; lastKnownFileType = file.storyboard; name = Base; path = Base.lproj/Main.storyboard; sourceTree = "<group>"; };
		399B9D3C242CEC0B00EF2C8B /* Assets.xcassets */ = {isa = PBXFileReference; lastKnownFileType = folder.assetcatalog; path = Assets.xcassets; sourceTree = "<group>"; };
		399B9D3F242CEC0B00EF2C8B /* Base */ = {isa = PBXFileReference; lastKnownFileType = file.storyboard; name = Base; path = Base.lproj/LaunchScreen.storyboard; sourceTree = "<group>"; };
		399B9D41242CEC0B00EF2C8B /* Info.plist */ = {isa = PBXFileReference; lastKnownFileType = text.plist.xml; path = Info.plist; sourceTree = "<group>"; };
/* End PBXFileReference section */

/* Begin PBXFrameworksBuildPhase section */
		399B9D2D242CEC0800EF2C8B /* Frameworks */ = {
			isa = PBXFrameworksBuildPhase;
			buildActionMask = 2147483647;
			files = (
			);
			runOnlyForDeploymentPostprocessing = 0;
		};
/* End PBXFrameworksBuildPhase section */

/* Begin PBXGroup section */
		399B9D27242CEC0800EF2C8B = {
			isa = PBXGroup;
			children = (
				399B9D32242CEC0800EF2C8B /* FlagGame */,
				399B9D31242CEC0800EF2C8B /* Products */,
			);
			sourceTree = "<group>";
		};
		399B9D31242CEC0800EF2C8B /* Products */ = {
			isa = PBXGroup;
			children = (
				399B9D30242CEC0800EF2C8B /* FlagGame.app */,
			);
			name = Products;
			sourceTree = "<group>";
		};
		399B9D32242CEC0800EF2C8B /* FlagGame */ = {
			isa = PBXGroup;
			children = (
				399B9D33242CEC0800EF2C8B /* AppDelegate.swift */,
				399B9D35242CEC0800EF2C8B /* SceneDelegate.swift */,
				399B9D37242CEC0800EF2C8B /* ViewController.swift */,
				399B9D39242CEC0800EF2C8B /* Main.storyboard */,
				399B9D3C242CEC0B00EF2C8B /* Assets.xcassets */,
				399B9D3E242CEC0B00EF2C8B /* LaunchScreen.storyboard */,
				399B9D41242CEC0B00EF2C8B /* Info.plist */,
			);
			path = FlagGame;
			sourceTree = "<group>";
		};
/* End PBXGroup section */

/* Begin PBXNativeTarget section */
		399B9D2F242CEC0800EF2C8B /* FlagGame */ = {
			isa = PBXNativeTarget;
			buildConfigurationList = 399B9D44242CEC0B00EF2C8B /* Build configuration list for PBXNativeTarget "FlagGame" */;
			buildPhases = (
				399B9D2C242CEC0800EF2C8B /* Sources */,
				399B9D2D242CEC0800EF2C8B /* Frameworks */,
				399B9D2E242CEC0800EF2C8B /* Resources */,
			);
			buildRules = (
			);
			dependencies = (
			);
			name = FlagGame;
			productName = FlagGame;
			productReference = 399B9D30242CEC0800EF2C8B /* FlagGame.app */;
			productType = "com.apple.product-type.application";
		};
/* End PBXNativeTarget section */

/* Begin PBXProject section */
		399B9D28242CEC0800EF2C8B /* Project object */ = {
			isa = PBXProject;
			attributes = {
				LastSwiftUpdateCheck = 1120;
				LastUpgradeCheck = 1120;
				ORGANIZATIONNAME = "Alexandra Navruzova";
				TargetAttributes = {
					399B9D2F242CEC0800EF2C8B = {
						CreatedOnToolsVersion = 11.2.1;
					};
				};
			};
			buildConfigurationList = 399B9D2B242CEC0800EF2C8B /* Build configuration list for PBXProject "FlagGame" */;
			compatibilityVersion = "Xcode 9.3";
			developmentRegion = en;
			hasScannedForEncodings = 0;
			knownRegions = (
				en,
				Base,
			);
			mainGroup = 399B9D27242CEC0800EF2C8B;
			productRefGroup = 399B9D31242CEC0800EF2C8B /* Products */;
			projectDirPath = "";
			projectRoot = "";
			targets = (
				399B9D2F242CEC0800EF2C8B /* FlagGame */,
			);
		};
/* End PBXProject section */

/* Begin PBXResourcesBuildPhase section */
		399B9D2E242CEC0800EF2C8B /* Resources */ = {
			isa = PBXResourcesBuildPhase;
			buildActionMask = 2147483647;
			files = (
				399B9D40242CEC0B00EF2C8B /* LaunchScreen.storyboard in Resources */,
				399B9D3D242CEC0B00EF2C8B /* Assets.xcassets in Resources */,
				399B9D3B242CEC0800EF2C8B /* Main.storyboard in Resources */,
			);
			runOnlyForDeploymentPostprocessing = 0;
		};
/* End PBXResourcesBuildPhase section */

/* Begin PBXSourcesBuildPhase section */
		399B9D2C242CEC0800EF2C8B /* Sources */ = {
			isa = PBXSourcesBuildPhase;
			buildActionMask = 2147483647;
			files = (
				399B9D38242CEC0800EF2C8B /* ViewController.swift in Sources */,
				399B9D34242CEC0800EF2C8B /* AppDelegate.swift in Sources */,
				399B9D36242CEC0800EF2C8B /* SceneDelegate.swift in Sources */,
			);
			runOnlyForDeploymentPostprocessing = 0;
		};
/* End PBXSourcesBuildPhase section */

/* Begin PBXVariantGroup section */
		399B9D39242CEC0800EF2C8B /* Main.storyboard */ = {
			isa = PBXVariantGroup;
			children = (
				399B9D3A242CEC0800EF2C8B /* Base */,
			);
			name = Main.storyboard;
			sourceTree = "<group>";
		};
		399B9D3E242CEC0B00EF2C8B /* LaunchScreen.storyboard */ = {
			isa = PBXVariantGroup;
			children = (
				399B9D3F242CEC0B00EF2C8B /* Base */,
			);
			name = LaunchScreen.storyboard;
			sourceTree = "<group>";
		};
/* End PBXVariantGroup section */

/* Begin XCBuildConfiguration section */
		399B9D42242CEC0B00EF2C8B /* Debug */ = {
			isa = XCBuildConfiguration;
			buildSettings = {
				ALWAYS_SEARCH_USER_PATHS = NO;
				CLANG_ANALYZER_NONNULL = YES;
				CLANG_ANALYZER_NUMBER_OBJECT_CONVERSION = YES_AGGRESSIVE;
				CLANG_CXX_LANGUAGE_STANDARD = "gnu++14";
				CLANG_CXX_LIBRARY = "libc++";
				CLANG_ENABLE_MODULES = YES;
				CLANG_ENABLE_OBJC_ARC = YES;
				CLANG_ENABLE_OBJC_WEAK = YES;
				CLANG_WARN_BLOCK_CAPTURE_AUTORELEASING = YES;
				CLANG_WARN_BOOL_CONVERSION = YES;
				CLANG_WARN_COMMA = YES;
				CLANG_WARN_CONSTANT_CONVERSION = YES;
				CLANG_WARN_DEPRECATED_OBJC_IMPLEMENTATIONS = YES;
				CLANG_WARN_DIRECT_OBJC_ISA_USAGE = YES_ERROR;
				CLANG_WARN_DOCUMENTATION_COMMENTS = YES;
				CLANG_WARN_EMPTY_BODY = YES;
				CLANG_WARN_ENUM_CONVERSION = YES;
				CLANG_WARN_INFINITE_RECURSION = YES;
				CLANG_WARN_INT_CONVERSION = YES;
				CLANG_WARN_NON_LITERAL_NULL_CONVERSION = YES;
				CLANG_WARN_OBJC_IMPLICIT_RETAIN_SELF = YES;
				CLANG_WARN_OBJC_LITERAL_CONVERSION = YES;
				CLANG_WARN_OBJC_ROOT_CLASS = YES_ERROR;
				CLANG_WARN_RANGE_LOOP_ANALYSIS = YES;
				CLANG_WARN_STRICT_PROTOTYPES = YES;
				CLANG_WARN_SUSPICIOUS_MOVE = YES;
				CLANG_WARN_UNGUARDED_AVAILABILITY = YES_AGGRESSIVE;
				CLANG_WARN_UNREACHABLE_CODE = YES;
				CLANG_WARN__DUPLICATE_METHOD_MATCH = YES;
				COPY_PHASE_STRIP = NO;
				DEBUG_INFORMATION_FORMAT = dwarf;
				ENABLE_STRICT_OBJC_MSGSEND = YES;
				ENABLE_TESTABILITY = YES;
				GCC_C_LANGUAGE_STANDARD = gnu11;
				GCC_DYNAMIC_NO_PIC = NO;
				GCC_NO_COMMON_BLOCKS = YES;
				GCC_OPTIMIZATION_LEVEL = 0;
				GCC_PREPROCESSOR_DEFINITIONS = (
					"DEBUG=1",
					"$(inherited)",
				);
				GCC_WARN_64_TO_32_BIT_CONVERSION = YES;
				GCC_WARN_ABOUT_RETURN_TYPE = YES_ERROR;
				GCC_WARN_UNDECLARED_SELECTOR = YES;
				GCC_WARN_UNINITIALIZED_AUTOS = YES_AGGRESSIVE;
				GCC_WARN_UNUSED_FUNCTION = YES;
				GCC_WARN_UNUSED_VARIABLE = YES;
				IPHONEOS_DEPLOYMENT_TARGET = 13.2;
				MTL_ENABLE_DEBUG_INFO = INCLUDE_SOURCE;
				MTL_FAST_MATH = YES;
				ONLY_ACTIVE_ARCH = YES;
				SDKROOT = iphoneos;
				SWIFT_ACTIVE_COMPILATION_CONDITIONS = DEBUG;
				SWIFT_OPTIMIZATION_LEVEL = "-Onone";
			};
			name = Debug;
		};
		399B9D43242CEC0B00EF2C8B /* Release */ = {
			isa = XCBuildConfiguration;
			buildSettings = {
				ALWAYS_SEARCH_USER_PATHS = NO;
				CLANG_ANALYZER_NONNULL = YES;
				CLANG_ANALYZER_NUMBER_OBJECT_CONVERSION = YES_AGGRESSIVE;
				CLANG_CXX_LANGUAGE_STANDARD = "gnu++14";
				CLANG_CXX_LIBRARY = "libc++";
				CLANG_ENABLE_MODULES = YES;
				CLANG_ENABLE_OBJC_ARC = YES;
				CLANG_ENABLE_OBJC_WEAK = YES;
				CLANG_WARN_BLOCK_CAPTURE_AUTORELEASING = YES;
				CLANG_WARN_BOOL_CONVERSION = YES;
				CLANG_WARN_COMMA = YES;
				CLANG_WARN_CONSTANT_CONVERSION = YES;
				CLANG_WARN_DEPRECATED_OBJC_IMPLEMENTATIONS = YES;
				CLANG_WARN_DIRECT_OBJC_ISA_USAGE = YES_ERROR;
				CLANG_WARN_DOCUMENTATION_COMMENTS = YES;
				CLANG_WARN_EMPTY_BODY = YES;
				CLANG_WARN_ENUM_CONVERSION = YES;
				CLANG_WARN_INFINITE_RECURSION = YES;
				CLANG_WARN_INT_CONVERSION = YES;
				CLANG_WARN_NON_LITERAL_NULL_CONVERSION = YES;
				CLANG_WARN_OBJC_IMPLICIT_RETAIN_SELF = YES;
				CLANG_WARN_OBJC_LITERAL_CONVERSION = YES;
				CLANG_WARN_OBJC_ROOT_CLASS = YES_ERROR;
				CLANG_WARN_RANGE_LOOP_ANALYSIS = YES;
				CLANG_WARN_STRICT_PROTOTYPES = YES;
				CLANG_WARN_SUSPICIOUS_MOVE = YES;
				CLANG_WARN_UNGUARDED_AVAILABILITY = YES_AGGRESSIVE;
				CLANG_WARN_UNREACHABLE_CODE = YES;
				CLANG_WARN__DUPLICATE_METHOD_MATCH = YES;
				COPY_PHASE_STRIP = NO;
				DEBUG_INFORMATION_FORMAT = "dwarf-with-dsym";
				ENABLE_NS_ASSERTIONS = NO;
				ENABLE_STRICT_OBJC_MSGSEND = YES;
				GCC_C_LANGUAGE_STANDARD = gnu11;
				GCC_NO_COMMON_BLOCKS = YES;
				GCC_WARN_64_TO_32_BIT_CONVERSION = YES;
				GCC_WARN_ABOUT_RETURN_TYPE = YES_ERROR;
				GCC_WARN_UNDECLARED_SELECTOR = YES;
				GCC_WARN_UNINITIALIZED_AUTOS = YES_AGGRESSIVE;
				GCC_WARN_UNUSED_FUNCTION = YES;
				GCC_WARN_UNUSED_VARIABLE = YES;
				IPHONEOS_DEPLOYMENT_TARGET = 13.2;
				MTL_ENABLE_DEBUG_INFO = NO;
				MTL_FAST_MATH = YES;
				SDKROOT = iphoneos;
				SWIFT_COMPILATION_MODE = wholemodule;
				SWIFT_OPTIMIZATION_LEVEL = "-O";
				VALIDATE_PRODUCT = YES;
			};
			name = Release;
		};
		399B9D45242CEC0B00EF2C8B /* Debug */ = {
			isa = XCBuildConfiguration;
			buildSettings = {
				ASSETCATALOG_COMPILER_APPICON_NAME = AppIcon;
				CODE_SIGN_STYLE = Automatic;
				DEVELOPMENT_TEAM = 9VJ9UUZQH9;
				INFOPLIST_FILE = FlagGame/Info.plist;
				LD_RUNPATH_SEARCH_PATHS = (
					"$(inherited)",
					"@executable_path/Frameworks",
				);
				PRODUCT_BUNDLE_IDENTIFIER = com.example.FlagGame;
				PRODUCT_NAME = "$(TARGET_NAME)";
				SWIFT_VERSION = 5.0;
				TARGETED_DEVICE_FAMILY = "1,2";
			};
			name = Debug;
		};
		399B9D46242CEC0B00EF2C8B /* Release */ = {
			isa = XCBuildConfiguration;
			buildSettings = {
				ASSETCATALOG_COMPILER_APPICON_NAME = AppIcon;
				CODE_SIGN_STYLE = Automatic;
				DEVELOPMENT_TEAM = 9VJ9UUZQH9;
				INFOPLIST_FILE = FlagGame/Info.plist;
				LD_RUNPATH_SEARCH_PATHS = (
					"$(inherited)",
					"@executable_path/Frameworks",
				);
				PRODUCT_BUNDLE_IDENTIFIER = com.example.FlagGame;
				PRODUCT_NAME = "$(TARGET_NAME)";
				SWIFT_VERSION = 5.0;
				TARGETED_DEVICE_FAMILY = "1,2";
			};
			name = Release;
		};
/* End XCBuildConfiguration section */

/* Begin XCConfigurationList section */
		399B9D2B242CEC0800EF2C8B /* Build configuration list for PBXProject "FlagGame" */ = {
			isa = XCConfigurationList;
			buildConfigurations = (
				399B9D42242CEC0B00EF2C8B /* Debug */,
				399B9D43242CEC0B00EF2C8B /* Release */,
			);
			defaultConfigurationIsVisible = 0;
			defaultConfigurationName = Release;
		};
		399B9D44242CEC0B00EF2C8B /* Build configuration list for PBXNativeTarget "FlagGame" */ = {
			isa = XCConfigurationList;
			buildConfigurations = (
				399B9D45242CEC0B00EF2C8B /* Debug */,
				399B9D46242CEC0B00EF2C8B /* Release */,
			);
			defaultConfigurationIsVisible = 0;
			defaultConfigurationName = Release;
		};
/* End XCConfigurationList section */
	};
	rootObject = 399B9D28242CEC0800EF2C8B /* Project object */;
}
